
Microsoft Visual Studio Solution File, Format Version 12.00
# Visual Studio Version 17
VisualStudioVersion = 17.4.33122.133
MinimumVisualStudioVersion = 10.0.40219.1
Project("{FAE04EC0-301F-11D3-BF4B-00C04F79EFBC}") = "kursovaia_rabota", "kursovaia_rabota\kursovaia_rabota.csproj", "{B4BCBC64-A166-41A3-932D-4E76DB5418B7}"
EndProject
Global
	GlobalSection(SolutionConfigurationPlatforms) = preSolution
		Debug|Any CPU = Debug|Any CPU
		Release|Any CPU = Release|Any CPU
	EndGlobalSection
	GlobalSection(ProjectConfigurationPlatforms) = postSolution
		{B4BCBC64-A166-41A3-932D-4E76DB5418B7}.Debug|Any CPU.ActiveCfg = Debug|Any CPU
		{B4BCBC64-A166-41A3-932D-4E76DB5418B7}.Debug|Any CPU.Build.0 = Debug|Any CPU
		{B4BCBC64-A166-41A3-932D-4E76DB5418B7}.Release|Any CPU.ActiveCfg = Release|Any CPU
		{B4BCBC64-A166-41A3-932D-4E76DB5418B7}.Release|Any CPU.Build.0 = Release|Any CPU
	EndGlobalSection
	GlobalSection(SolutionProperties) = preSolution
		HideSolutionNode = FALSE
	EndGlobalSection
	GlobalSection(ExtensibilityGlobals) = postSolution
		SolutionGuid = {BF74A1EC-F421-4C00-8592-7C6F11D0D208}
	EndGlobalSection
EndGlobal
